{
  "nodes": {
    "nixpkgs": {
      "locked": {
        "lastModified": 1652794215,
        "narHash": "sha256-erVj41IcCPDWdt8CwT60ygD+SY/uhqip3RXwiESOCVk=",
        "owner": "nixos",
        "repo": "nixpkgs",
        "rev": "242efdc5a5aff8222c1152c0e4b9262bd02915b6",
        "type": "github"
      },
      "original": {
        "owner": "nixos",
        "ref": "nixos-unstable",
        "repo": "nixpkgs",
        "type": "github"
      }
    },
    "root": {
      "inputs": {
        "nixpkgs": "nixpkgs"
      }
    }
  },
  "root": "root",
  "version": 7
}
