{
  "nodes": {
    "nixpkgs": {
      "locked": {
        "lastModified": 1644193945,
        "narHash": "sha256-FqPyne57rnbvFfgL5OacS1w85/2NAZo59jqhhhcobek=",
        "owner": "nixos",
        "repo": "nixpkgs",
        "rev": "fbd030fb2d8dc9fedcb45e57cbce5e9e064bfb6c",
        "type": "github"
      },
      "original": {
        "owner": "nixos",
        "ref": "nixos-unstable",
        "repo": "nixpkgs",
        "type": "github"
      }
    },
    "root": {
      "inputs": {
        "nixpkgs": "nixpkgs"
      }
    }
  },
  "root": "root",
  "version": 7
}
